
Microsoft Visual Studio Solution File, Format Version 12.00
# Visual Studio Version 16
VisualStudioVersion = 16.0.29025.244
MinimumVisualStudioVersion = 10.0.40219.1
Project("{FAE04EC0-301F-11D3-BF4B-00C04F79EFBC}") = "Vidly", "Vidly\Vidly.csproj", "{887DB82E-B4C8-4351-95F8-DBDB00865E9A}"
EndProject
Global
	GlobalSection(SolutionConfigurationPlatforms) = preSolution
		Debug|Any CPU = Debug|Any CPU
		Release|Any CPU = Release|Any CPU
	EndGlobalSection
	GlobalSection(ProjectConfigurationPlatforms) = postSolution
		{887DB82E-B4C8-4351-95F8-DBDB00865E9A}.Debug|Any CPU.ActiveCfg = Debug|Any CPU
		{887DB82E-B4C8-4351-95F8-DBDB00865E9A}.Debug|Any CPU.Build.0 = Debug|Any CPU
		{887DB82E-B4C8-4351-95F8-DBDB00865E9A}.Release|Any CPU.ActiveCfg = Release|Any CPU
		{887DB82E-B4C8-4351-95F8-DBDB00865E9A}.Release|Any CPU.Build.0 = Release|Any CPU
	EndGlobalSection
	GlobalSection(SolutionProperties) = preSolution
		HideSolutionNode = FALSE
	EndGlobalSection
	GlobalSection(ExtensibilityGlobals) = postSolution
		SolutionGuid = {4F07864C-EA7A-4B3C-BC05-C6E06F1409B3}
	EndGlobalSection
EndGlobal
